
Microsoft Visual Studio Solution File, Format Version 12.00
# Visual Studio Version 17
VisualStudioVersion = 17.0.32112.339
MinimumVisualStudioVersion = 10.0.40219.1
Project("{9A19103F-16F7-4668-BE54-9A1E7A4F7556}") = "FleetManager", "FleetManager\FleetManager.csproj", "{EF1C6D50-1CAE-417A-8309-CC32CA9BA820}"
EndProject
Project("{9A19103F-16F7-4668-BE54-9A1E7A4F7556}") = "FleetManager.Data", "FleetManager.Data\FleetManager.Data.csproj", "{679BC35E-98FC-4779-88B5-BE623C61FE96}"
EndProject
Global
	GlobalSection(SolutionConfigurationPlatforms) = preSolution
		Debug|Any CPU = Debug|Any CPU
		Release|Any CPU = Release|Any CPU
	EndGlobalSection
	GlobalSection(ProjectConfigurationPlatforms) = postSolution
		{EF1C6D50-1CAE-417A-8309-CC32CA9BA820}.Debug|Any CPU.ActiveCfg = Debug|Any CPU
		{EF1C6D50-1CAE-417A-8309-CC32CA9BA820}.Debug|Any CPU.Build.0 = Debug|Any CPU
		{EF1C6D50-1CAE-417A-8309-CC32CA9BA820}.Release|Any CPU.ActiveCfg = Release|Any CPU
		{EF1C6D50-1CAE-417A-8309-CC32CA9BA820}.Release|Any CPU.Build.0 = Release|Any CPU
		{679BC35E-98FC-4779-88B5-BE623C61FE96}.Debug|Any CPU.ActiveCfg = Debug|Any CPU
		{679BC35E-98FC-4779-88B5-BE623C61FE96}.Debug|Any CPU.Build.0 = Debug|Any CPU
		{679BC35E-98FC-4779-88B5-BE623C61FE96}.Release|Any CPU.ActiveCfg = Release|Any CPU
		{679BC35E-98FC-4779-88B5-BE623C61FE96}.Release|Any CPU.Build.0 = Release|Any CPU
	EndGlobalSection
	GlobalSection(SolutionProperties) = preSolution
		HideSolutionNode = FALSE
	EndGlobalSection
	GlobalSection(ExtensibilityGlobals) = postSolution
		SolutionGuid = {22B88F5E-376C-4D45-97A8-713981910719}
	EndGlobalSection
EndGlobal
